// !$*UTF8*$!
{
	archiveVersion = 1;
	classes = {
	};
	objectVersion = 77;
	objects = {

/* Begin PBXContainerItemProxy section */
		FE64198B2D7DB0CF00D03843 /* PBXContainerItemProxy */ = {
			isa = PBXContainerItemProxy;
			containerPortal = FE6419722D7DB0CE00D03843 /* Project object */;
			proxyType = 1;
			remoteGlobalIDString = FE6419792D7DB0CE00D03843;
			remoteInfo = "iOS-Study";
		};
		FE6419952D7DB0CF00D03843 /* PBXContainerItemProxy */ = {
			isa = PBXContainerItemProxy;
			containerPortal = FE6419722D7DB0CE00D03843 /* Project object */;
			proxyType = 1;
			remoteGlobalIDString = FE6419792D7DB0CE00D03843;
			remoteInfo = "iOS-Study";
		};
/* End PBXContainerItemProxy section */

/* Begin PBXFileReference section */
		FE64197A2D7DB0CE00D03843 /* iOS-Study.app */ = {isa = PBXFileReference; explicitFileType = wrapper.application; includeInIndex = 0; path = "iOS-Study.app"; sourceTree = BUILT_PRODUCTS_DIR; };
		FE64198A2D7DB0CF00D03843 /* iOS-StudyTests.xctest */ = {isa = PBXFileReference; explicitFileType = wrapper.cfbundle; includeInIndex = 0; path = "iOS-StudyTests.xctest"; sourceTree = BUILT_PRODUCTS_DIR; };
		FE6419942D7DB0CF00D03843 /* iOS-StudyUITests.xctest */ = {isa = PBXFileReference; explicitFileType = wrapper.cfbundle; includeInIndex = 0; path = "iOS-StudyUITests.xctest"; sourceTree = BUILT_PRODUCTS_DIR; };
/* End PBXFileReference section */

/* Begin PBXFileSystemSynchronizedRootGroup section */
		FE64197C2D7DB0CE00D03843 /* iOS-Study */ = {
			isa = PBXFileSystemSynchronizedRootGroup;
			path = "iOS-Study";
			sourceTree = "<group>";
		};
		FE64198D2D7DB0CF00D03843 /* iOS-StudyTests */ = {
			isa = PBXFileSystemSynchronizedRootGroup;
			path = "iOS-StudyTests";
			sourceTree = "<group>";
		};
		FE6419972D7DB0CF00D03843 /* iOS-StudyUITests */ = {
			isa = PBXFileSystemSynchronizedRootGroup;
			path = "iOS-StudyUITests";
			sourceTree = "<group>";
		};
/* End PBXFileSystemSynchronizedRootGroup section */

/* Begin PBXFrameworksBuildPhase section */
		FE6419772D7DB0CE00D03843 /* Frameworks */ = {
			isa = PBXFrameworksBuildPhase;
			buildActionMask = 2147483647;
			files = (
			);
			runOnlyForDeploymentPostprocessing = 0;
		};
		FE6419872D7DB0CF00D03843 /* Frameworks */ = {
			isa = PBXFrameworksBuildPhase;
			buildActionMask = 2147483647;
			files = (
			);
			runOnlyForDeploymentPostprocessing = 0;
		};
		FE6419912D7DB0CF00D03843 /* Frameworks */ = {
			isa = PBXFrameworksBuildPhase;
			buildActionMask = 2147483647;
			files = (
			);
			runOnlyForDeploymentPostprocessing = 0;
		};
/* End PBXFrameworksBuildPhase section */

/* Begin PBXGroup section */
		FE6419712D7DB0CE00D03843 = {
			isa = PBXGroup;
			children = (
				FE64197C2D7DB0CE00D03843 /* iOS-Study */,
				FE64198D2D7DB0CF00D03843 /* iOS-StudyTests */,
				FE6419972D7DB0CF00D03843 /* iOS-StudyUITests */,
				FE64197B2D7DB0CE00D03843 /* Products */,
			);
			sourceTree = "<group>";
		};
		FE64197B2D7DB0CE00D03843 /* Products */ = {
			isa = PBXGroup;
			children = (
				FE64197A2D7DB0CE00D03843 /* iOS-Study.app */,
				FE64198A2D7DB0CF00D03843 /* iOS-StudyTests.xctest */,
				FE6419942D7DB0CF00D03843 /* iOS-StudyUITests.xctest */,
			);
			name = Products;
			sourceTree = "<group>";
		};
/* End PBXGroup section */

/* Begin PBXNativeTarget section */
		FE6419792D7DB0CE00D03843 /* iOS-Study */ = {
			isa = PBXNativeTarget;
			buildConfigurationList = FE64199E2D7DB0CF00D03843 /* Build configuration list for PBXNativeTarget "iOS-Study" */;
			buildPhases = (
				FE6419762D7DB0CE00D03843 /* Sources */,
				FE6419772D7DB0CE00D03843 /* Frameworks */,
				FE6419782D7DB0CE00D03843 /* Resources */,
			);
			buildRules = (
			);
			dependencies = (
			);
			fileSystemSynchronizedGroups = (
				FE64197C2D7DB0CE00D03843 /* iOS-Study */,
			);
			name = "iOS-Study";
			packageProductDependencies = (
			);
			productName = "iOS-Study";
			productReference = FE64197A2D7DB0CE00D03843 /* iOS-Study.app */;
			productType = "com.apple.product-type.application";
		};
		FE6419892D7DB0CF00D03843 /* iOS-StudyTests */ = {
			isa = PBXNativeTarget;
			buildConfigurationList = FE6419A12D7DB0CF00D03843 /* Build configuration list for PBXNativeTarget "iOS-StudyTests" */;
			buildPhases = (
				FE6419862D7DB0CF00D03843 /* Sources */,
				FE6419872D7DB0CF00D03843 /* Frameworks */,
				FE6419882D7DB0CF00D03843 /* Resources */,
			);
			buildRules = (
			);
			dependencies = (
				FE64198C2D7DB0CF00D03843 /* PBXTargetDependency */,
			);
			fileSystemSynchronizedGroups = (
				FE64198D2D7DB0CF00D03843 /* iOS-StudyTests */,
			);
			name = "iOS-StudyTests";
			packageProductDependencies = (
			);
			productName = "iOS-StudyTests";
			productReference = FE64198A2D7DB0CF00D03843 /* iOS-StudyTests.xctest */;
			productType = "com.apple.product-type.bundle.unit-test";
		};
		FE6419932D7DB0CF00D03843 /* iOS-StudyUITests */ = {
			isa = PBXNativeTarget;
			buildConfigurationList = FE6419A42D7DB0CF00D03843 /* Build configuration list for PBXNativeTarget "iOS-StudyUITests" */;
			buildPhases = (
				FE6419902D7DB0CF00D03843 /* Sources */,
				FE6419912D7DB0CF00D03843 /* Frameworks */,
				FE6419922D7DB0CF00D03843 /* Resources */,
			);
			buildRules = (
			);
			dependencies = (
				FE6419962D7DB0CF00D03843 /* PBXTargetDependency */,
			);
			fileSystemSynchronizedGroups = (
				FE6419972D7DB0CF00D03843 /* iOS-StudyUITests */,
			);
			name = "iOS-StudyUITests";
			packageProductDependencies = (
			);
			productName = "iOS-StudyUITests";
			productReference = FE6419942D7DB0CF00D03843 /* iOS-StudyUITests.xctest */;
			productType = "com.apple.product-type.bundle.ui-testing";
		};
/* End PBXNativeTarget section */

/* Begin PBXProject section */
		FE6419722D7DB0CE00D03843 /* Project object */ = {
			isa = PBXProject;
			attributes = {
				BuildIndependentTargetsInParallel = 1;
				LastSwiftUpdateCheck = 1620;
				LastUpgradeCheck = 1620;
				TargetAttributes = {
					FE6419792D7DB0CE00D03843 = {
						CreatedOnToolsVersion = 16.2;
					};
					FE6419892D7DB0CF00D03843 = {
						CreatedOnToolsVersion = 16.2;
						TestTargetID = FE6419792D7DB0CE00D03843;
					};
					FE6419932D7DB0CF00D03843 = {
						CreatedOnToolsVersion = 16.2;
						TestTargetID = FE6419792D7DB0CE00D03843;
					};
				};
			};
			buildConfigurationList = FE6419752D7DB0CE00D03843 /* Build configuration list for PBXProject "iOS-Study" */;
			developmentRegion = en;
			hasScannedForEncodings = 0;
			knownRegions = (
				en,
				Base,
			);
			mainGroup = FE6419712D7DB0CE00D03843;
			minimizedProjectReferenceProxies = 1;
			preferredProjectObjectVersion = 77;
			productRefGroup = FE64197B2D7DB0CE00D03843 /* Products */;
			projectDirPath = "";
			projectRoot = "";
			targets = (
				FE6419792D7DB0CE00D03843 /* iOS-Study */,
				FE6419892D7DB0CF00D03843 /* iOS-StudyTests */,
				FE6419932D7DB0CF00D03843 /* iOS-StudyUITests */,
			);
		};
/* End PBXProject section */

/* Begin PBXResourcesBuildPhase section */
		FE6419782D7DB0CE00D03843 /* Resources */ = {
			isa = PBXResourcesBuildPhase;
			buildActionMask = 2147483647;
			files = (
			);
			runOnlyForDeploymentPostprocessing = 0;
		};
		FE6419882D7DB0CF00D03843 /* Resources */ = {
			isa = PBXResourcesBuildPhase;
			buildActionMask = 2147483647;
			files = (
			);
			runOnlyForDeploymentPostprocessing = 0;
		};
		FE6419922D7DB0CF00D03843 /* Resources */ = {
			isa = PBXResourcesBuildPhase;
			buildActionMask = 2147483647;
			files = (
			);
			runOnlyForDeploymentPostprocessing = 0;
		};
/* End PBXResourcesBuildPhase section */

/* Begin PBXSourcesBuildPhase section */
		FE6419762D7DB0CE00D03843 /* Sources */ = {
			isa = PBXSourcesBuildPhase;
			buildActionMask = 2147483647;
			files = (
			);
			runOnlyForDeploymentPostprocessing = 0;
		};
		FE6419862D7DB0CF00D03843 /* Sources */ = {
			isa = PBXSourcesBuildPhase;
			buildActionMask = 2147483647;
			files = (
			);
			runOnlyForDeploymentPostprocessing = 0;
		};
		FE6419902D7DB0CF00D03843 /* Sources */ = {
			isa = PBXSourcesBuildPhase;
			buildActionMask = 2147483647;
			files = (
			);
			runOnlyForDeploymentPostprocessing = 0;
		};
/* End PBXSourcesBuildPhase section */

/* Begin PBXTargetDependency section */
		FE64198C2D7DB0CF00D03843 /* PBXTargetDependency */ = {
			isa = PBXTargetDependency;
			target = FE6419792D7DB0CE00D03843 /* iOS-Study */;
			targetProxy = FE64198B2D7DB0CF00D03843 /* PBXContainerItemProxy */;
		};
		FE6419962D7DB0CF00D03843 /* PBXTargetDependency */ = {
			isa = PBXTargetDependency;
			target = FE6419792D7DB0CE00D03843 /* iOS-Study */;
			targetProxy = FE6419952D7DB0CF00D03843 /* PBXContainerItemProxy */;
		};
/* End PBXTargetDependency section */

/* Begin XCBuildConfiguration section */
		FE64199C2D7DB0CF00D03843 /* Debug */ = {
			isa = XCBuildConfiguration;
			buildSettings = {
				ALWAYS_SEARCH_USER_PATHS = NO;
				ASSETCATALOG_COMPILER_GENERATE_SWIFT_ASSET_SYMBOL_EXTENSIONS = YES;
				CLANG_ANALYZER_NONNULL = YES;
				CLANG_ANALYZER_NUMBER_OBJECT_CONVERSION = YES_AGGRESSIVE;
				CLANG_CXX_LANGUAGE_STANDARD = "gnu++20";
				CLANG_ENABLE_MODULES = YES;
				CLANG_ENABLE_OBJC_ARC = YES;
				CLANG_ENABLE_OBJC_WEAK = YES;
				CLANG_WARN_BLOCK_CAPTURE_AUTORELEASING = YES;
				CLANG_WARN_BOOL_CONVERSION = YES;
				CLANG_WARN_COMMA = YES;
				CLANG_WARN_CONSTANT_CONVERSION = YES;
				CLANG_WARN_DEPRECATED_OBJC_IMPLEMENTATIONS = YES;
				CLANG_WARN_DIRECT_OBJC_ISA_USAGE = YES_ERROR;
				CLANG_WARN_DOCUMENTATION_COMMENTS = YES;
				CLANG_WARN_EMPTY_BODY = YES;
				CLANG_WARN_ENUM_CONVERSION = YES;
				CLANG_WARN_INFINITE_RECURSION = YES;
				CLANG_WARN_INT_CONVERSION = YES;
				CLANG_WARN_NON_LITERAL_NULL_CONVERSION = YES;
				CLANG_WARN_OBJC_IMPLICIT_RETAIN_SELF = YES;
				CLANG_WARN_OBJC_LITERAL_CONVERSION = YES;
				CLANG_WARN_OBJC_ROOT_CLASS = YES_ERROR;
				CLANG_WARN_QUOTED_INCLUDE_IN_FRAMEWORK_HEADER = YES;
				CLANG_WARN_RANGE_LOOP_ANALYSIS = YES;
				CLANG_WARN_STRICT_PROTOTYPES = YES;
				CLANG_WARN_SUSPICIOUS_MOVE = YES;
				CLANG_WARN_UNGUARDED_AVAILABILITY = YES_AGGRESSIVE;
				CLANG_WARN_UNREACHABLE_CODE = YES;
				CLANG_WARN__DUPLICATE_METHOD_MATCH = YES;
				COPY_PHASE_STRIP = NO;
				DEBUG_INFORMATION_FORMAT = dwarf;
				ENABLE_STRICT_OBJC_MSGSEND = YES;
				ENABLE_TESTABILITY = YES;
				ENABLE_USER_SCRIPT_SANDBOXING = YES;
				GCC_C_LANGUAGE_STANDARD = gnu17;
				GCC_DYNAMIC_NO_PIC = NO;
				GCC_NO_COMMON_BLOCKS = YES;
				GCC_OPTIMIZATION_LEVEL = 0;
				GCC_PREPROCESSOR_DEFINITIONS = (
					"DEBUG=1",
					"$(inherited)",
				);
				GCC_WARN_64_TO_32_BIT_CONVERSION = YES;
				GCC_WARN_ABOUT_RETURN_TYPE = YES_ERROR;
				GCC_WARN_UNDECLARED_SELECTOR = YES;
				GCC_WARN_UNINITIALIZED_AUTOS = YES_AGGRESSIVE;
				GCC_WARN_UNUSED_FUNCTION = YES;
				GCC_WARN_UNUSED_VARIABLE = YES;
				IPHONEOS_DEPLOYMENT_TARGET = 18.2;
				LOCALIZATION_PREFERS_STRING_CATALOGS = YES;
				MTL_ENABLE_DEBUG_INFO = INCLUDE_SOURCE;
				MTL_FAST_MATH = YES;
				ONLY_ACTIVE_ARCH = YES;
				SDKROOT = iphoneos;
				SWIFT_ACTIVE_COMPILATION_CONDITIONS = "DEBUG $(inherited)";
				SWIFT_OPTIMIZATION_LEVEL = "-Onone";
			};
			name = Debug;
		};
		FE64199D2D7DB0CF00D03843 /* Release */ = {
			isa = XCBuildConfiguration;
			buildSettings = {
				ALWAYS_SEARCH_USER_PATHS = NO;
				ASSETCATALOG_COMPILER_GENERATE_SWIFT_ASSET_SYMBOL_EXTENSIONS = YES;
				CLANG_ANALYZER_NONNULL = YES;
				CLANG_ANALYZER_NUMBER_OBJECT_CONVERSION = YES_AGGRESSIVE;
				CLANG_CXX_LANGUAGE_STANDARD = "gnu++20";
				CLANG_ENABLE_MODULES = YES;
				CLANG_ENABLE_OBJC_ARC = YES;
				CLANG_ENABLE_OBJC_WEAK = YES;
				CLANG_WARN_BLOCK_CAPTURE_AUTORELEASING = YES;
				CLANG_WARN_BOOL_CONVERSION = YES;
				CLANG_WARN_COMMA = YES;
				CLANG_WARN_CONSTANT_CONVERSION = YES;
				CLANG_WARN_DEPRECATED_OBJC_IMPLEMENTATIONS = YES;
				CLANG_WARN_DIRECT_OBJC_ISA_USAGE = YES_ERROR;
				CLANG_WARN_DOCUMENTATION_COMMENTS = YES;
				CLANG_WARN_EMPTY_BODY = YES;
				CLANG_WARN_ENUM_CONVERSION = YES;
				CLANG_WARN_INFINITE_RECURSION = YES;
				CLANG_WARN_INT_CONVERSION = YES;
				CLANG_WARN_NON_LITERAL_NULL_CONVERSION = YES;
				CLANG_WARN_OBJC_IMPLICIT_RETAIN_SELF = YES;
				CLANG_WARN_OBJC_LITERAL_CONVERSION = YES;
				CLANG_WARN_OBJC_ROOT_CLASS = YES_ERROR;
				CLANG_WARN_QUOTED_INCLUDE_IN_FRAMEWORK_HEADER = YES;
				CLANG_WARN_RANGE_LOOP_ANALYSIS = YES;
				CLANG_WARN_STRICT_PROTOTYPES = YES;
				CLANG_WARN_SUSPICIOUS_MOVE = YES;
				CLANG_WARN_UNGUARDED_AVAILABILITY = YES_AGGRESSIVE;
				CLANG_WARN_UNREACHABLE_CODE = YES;
				CLANG_WARN__DUPLICATE_METHOD_MATCH = YES;
				COPY_PHASE_STRIP = NO;
				DEBUG_INFORMATION_FORMAT = "dwarf-with-dsym";
				ENABLE_NS_ASSERTIONS = NO;
				ENABLE_STRICT_OBJC_MSGSEND = YES;
				ENABLE_USER_SCRIPT_SANDBOXING = YES;
				GCC_C_LANGUAGE_STANDARD = gnu17;
				GCC_NO_COMMON_BLOCKS = YES;
				GCC_WARN_64_TO_32_BIT_CONVERSION = YES;
				GCC_WARN_ABOUT_RETURN_TYPE = YES_ERROR;
				GCC_WARN_UNDECLARED_SELECTOR = YES;
				GCC_WARN_UNINITIALIZED_AUTOS = YES_AGGRESSIVE;
				GCC_WARN_UNUSED_FUNCTION = YES;
				GCC_WARN_UNUSED_VARIABLE = YES;
				IPHONEOS_DEPLOYMENT_TARGET = 18.2;
				LOCALIZATION_PREFERS_STRING_CATALOGS = YES;
				MTL_ENABLE_DEBUG_INFO = NO;
				MTL_FAST_MATH = YES;
				SDKROOT = iphoneos;
				SWIFT_COMPILATION_MODE = wholemodule;
				VALIDATE_PRODUCT = YES;
			};
			name = Release;
		};
		FE64199F2D7DB0CF00D03843 /* Debug */ = {
			isa = XCBuildConfiguration;
			buildSettings = {
				ASSETCATALOG_COMPILER_APPICON_NAME = AppIcon;
				ASSETCATALOG_COMPILER_GLOBAL_ACCENT_COLOR_NAME = AccentColor;
				CODE_SIGN_STYLE = Automatic;
				CURRENT_PROJECT_VERSION = 1;
				DEVELOPMENT_ASSET_PATHS = "\"iOS-Study/Preview Content\"";
				ENABLE_PREVIEWS = YES;
				GENERATE_INFOPLIST_FILE = YES;
				INFOPLIST_KEY_UIApplicationSceneManifest_Generation = YES;
				INFOPLIST_KEY_UIApplicationSupportsIndirectInputEvents = YES;
				INFOPLIST_KEY_UILaunchScreen_Generation = YES;
				INFOPLIST_KEY_UISupportedInterfaceOrientations_iPad = "UIInterfaceOrientationPortrait UIInterfaceOrientationPortraitUpsideDown UIInterfaceOrientationLandscapeLeft UIInterfaceOrientationLandscapeRight";
				INFOPLIST_KEY_UISupportedInterfaceOrientations_iPhone = "UIInterfaceOrientationPortrait UIInterfaceOrientationLandscapeLeft UIInterfaceOrientationLandscapeRight";
				LD_RUNPATH_SEARCH_PATHS = (
					"$(inherited)",
					"@executable_path/Frameworks",
				);
				MARKETING_VERSION = 1.0;
				PRODUCT_BUNDLE_IDENTIFIER = "andev.iOS-Study";
				PRODUCT_NAME = "$(TARGET_NAME)";
				SWIFT_EMIT_LOC_STRINGS = YES;
				SWIFT_VERSION = 5.0;
				TARGETED_DEVICE_FAMILY = "1,2";
			};
			name = Debug;
		};
		FE6419A02D7DB0CF00D03843 /* Release */ = {
			isa = XCBuildConfiguration;
			buildSettings = {
				ASSETCATALOG_COMPILER_APPICON_NAME = AppIcon;
				ASSETCATALOG_COMPILER_GLOBAL_ACCENT_COLOR_NAME = AccentColor;
				CODE_SIGN_STYLE = Automatic;
				CURRENT_PROJECT_VERSION = 1;
				DEVELOPMENT_ASSET_PATHS = "\"iOS-Study/Preview Content\"";
				ENABLE_PREVIEWS = YES;
				GENERATE_INFOPLIST_FILE = YES;
				INFOPLIST_KEY_UIApplicationSceneManifest_Generation = YES;
				INFOPLIST_KEY_UIApplicationSupportsIndirectInputEvents = YES;
				INFOPLIST_KEY_UILaunchScreen_Generation = YES;
				INFOPLIST_KEY_UISupportedInterfaceOrientations_iPad = "UIInterfaceOrientationPortrait UIInterfaceOrientationPortraitUpsideDown UIInterfaceOrientationLandscapeLeft UIInterfaceOrientationLandscapeRight";
				INFOPLIST_KEY_UISupportedInterfaceOrientations_iPhone = "UIInterfaceOrientationPortrait UIInterfaceOrientationLandscapeLeft UIInterfaceOrientationLandscapeRight";
				LD_RUNPATH_SEARCH_PATHS = (
					"$(inherited)",
					"@executable_path/Frameworks",
				);
				MARKETING_VERSION = 1.0;
				PRODUCT_BUNDLE_IDENTIFIER = "andev.iOS-Study";
				PRODUCT_NAME = "$(TARGET_NAME)";
				SWIFT_EMIT_LOC_STRINGS = YES;
				SWIFT_VERSION = 5.0;
				TARGETED_DEVICE_FAMILY = "1,2";
			};
			name = Release;
		};
		FE6419A22D7DB0CF00D03843 /* Debug */ = {
			isa = XCBuildConfiguration;
			buildSettings = {
				BUNDLE_LOADER = "$(TEST_HOST)";
				CODE_SIGN_STYLE = Automatic;
				CURRENT_PROJECT_VERSION = 1;
				GENERATE_INFOPLIST_FILE = YES;
				IPHONEOS_DEPLOYMENT_TARGET = 18.2;
				MARKETING_VERSION = 1.0;
				PRODUCT_BUNDLE_IDENTIFIER = "andev.iOS-StudyTests";
				PRODUCT_NAME = "$(TARGET_NAME)";
				SWIFT_EMIT_LOC_STRINGS = NO;
				SWIFT_VERSION = 5.0;
				TARGETED_DEVICE_FAMILY = "1,2";
				TEST_HOST = "$(BUILT_PRODUCTS_DIR)/iOS-Study.app/$(BUNDLE_EXECUTABLE_FOLDER_PATH)/iOS-Study";
			};
			name = Debug;
		};
		FE6419A32D7DB0CF00D03843 /* Release */ = {
			isa = XCBuildConfiguration;
			buildSettings = {
				BUNDLE_LOADER = "$(TEST_HOST)";
				CODE_SIGN_STYLE = Automatic;
				CURRENT_PROJECT_VERSION = 1;
				GENERATE_INFOPLIST_FILE = YES;
				IPHONEOS_DEPLOYMENT_TARGET = 18.2;
				MARKETING_VERSION = 1.0;
				PRODUCT_BUNDLE_IDENTIFIER = "andev.iOS-StudyTests";
				PRODUCT_NAME = "$(TARGET_NAME)";
				SWIFT_EMIT_LOC_STRINGS = NO;
				SWIFT_VERSION = 5.0;
				TARGETED_DEVICE_FAMILY = "1,2";
				TEST_HOST = "$(BUILT_PRODUCTS_DIR)/iOS-Study.app/$(BUNDLE_EXECUTABLE_FOLDER_PATH)/iOS-Study";
			};
			name = Release;
		};
		FE6419A52D7DB0CF00D03843 /* Debug */ = {
			isa = XCBuildConfiguration;
			buildSettings = {
				CODE_SIGN_STYLE = Automatic;
				CURRENT_PROJECT_VERSION = 1;
				GENERATE_INFOPLIST_FILE = YES;
				MARKETING_VERSION = 1.0;
				PRODUCT_BUNDLE_IDENTIFIER = "andev.iOS-StudyUITests";
				PRODUCT_NAME = "$(TARGET_NAME)";
				SWIFT_EMIT_LOC_STRINGS = NO;
				SWIFT_VERSION = 5.0;
				TARGETED_DEVICE_FAMILY = "1,2";
				TEST_TARGET_NAME = "iOS-Study";
			};
			name = Debug;
		};
		FE6419A62D7DB0CF00D03843 /* Release */ = {
			isa = XCBuildConfiguration;
			buildSettings = {
				CODE_SIGN_STYLE = Automatic;
				CURRENT_PROJECT_VERSION = 1;
				GENERATE_INFOPLIST_FILE = YES;
				MARKETING_VERSION = 1.0;
				PRODUCT_BUNDLE_IDENTIFIER = "andev.iOS-StudyUITests";
				PRODUCT_NAME = "$(TARGET_NAME)";
				SWIFT_EMIT_LOC_STRINGS = NO;
				SWIFT_VERSION = 5.0;
				TARGETED_DEVICE_FAMILY = "1,2";
				TEST_TARGET_NAME = "iOS-Study";
			};
			name = Release;
		};
/* End XCBuildConfiguration section */

/* Begin XCConfigurationList section */
		FE6419752D7DB0CE00D03843 /* Build configuration list for PBXProject "iOS-Study" */ = {
			isa = XCConfigurationList;
			buildConfigurations = (
				FE64199C2D7DB0CF00D03843 /* Debug */,
				FE64199D2D7DB0CF00D03843 /* Release */,
			);
			defaultConfigurationIsVisible = 0;
			defaultConfigurationName = Release;
		};
		FE64199E2D7DB0CF00D03843 /* Build configuration list for PBXNativeTarget "iOS-Study" */ = {
			isa = XCConfigurationList;
			buildConfigurations = (
				FE64199F2D7DB0CF00D03843 /* Debug */,
				FE6419A02D7DB0CF00D03843 /* Release */,
			);
			defaultConfigurationIsVisible = 0;
			defaultConfigurationName = Release;
		};
		FE6419A12D7DB0CF00D03843 /* Build configuration list for PBXNativeTarget "iOS-StudyTests" */ = {
			isa = XCConfigurationList;
			buildConfigurations = (
				FE6419A22D7DB0CF00D03843 /* Debug */,
				FE6419A32D7DB0CF00D03843 /* Release */,
			);
			defaultConfigurationIsVisible = 0;
			defaultConfigurationName = Release;
		};
		FE6419A42D7DB0CF00D03843 /* Build configuration list for PBXNativeTarget "iOS-StudyUITests" */ = {
			isa = XCConfigurationList;
			buildConfigurations = (
				FE6419A52D7DB0CF00D03843 /* Debug */,
				FE6419A62D7DB0CF00D03843 /* Release */,
			);
			defaultConfigurationIsVisible = 0;
			defaultConfigurationName = Release;
		};
/* End XCConfigurationList section */
	};
	rootObject = FE6419722D7DB0CE00D03843 /* Project object */;
}
